
Microsoft Visual Studio Solution File, Format Version 12.00
# Visual Studio Version 16
VisualStudioVersion = 16.0.31624.102
MinimumVisualStudioVersion = 10.0.40219.1
Project("{FAE04EC0-301F-11D3-BF4B-00C04F79EFBC}") = "OOPAndFiles", "OOPAndFiles\OOPAndFiles.csproj", "{4B4068A7-9351-4121-B301-29D375FE7388}"
EndProject
Project("{FAE04EC0-301F-11D3-BF4B-00C04F79EFBC}") = "Frozen", "Frozen\Frozen.csproj", "{3D31DC75-B778-4C8C-9BC4-28A7B659AF76}"
EndProject
Global
	GlobalSection(SolutionConfigurationPlatforms) = preSolution
		Debug|Any CPU = Debug|Any CPU
		Release|Any CPU = Release|Any CPU
	EndGlobalSection
	GlobalSection(ProjectConfigurationPlatforms) = postSolution
		{4B4068A7-9351-4121-B301-29D375FE7388}.Debug|Any CPU.ActiveCfg = Debug|Any CPU
		{4B4068A7-9351-4121-B301-29D375FE7388}.Debug|Any CPU.Build.0 = Debug|Any CPU
		{4B4068A7-9351-4121-B301-29D375FE7388}.Release|Any CPU.ActiveCfg = Release|Any CPU
		{4B4068A7-9351-4121-B301-29D375FE7388}.Release|Any CPU.Build.0 = Release|Any CPU
		{3D31DC75-B778-4C8C-9BC4-28A7B659AF76}.Debug|Any CPU.ActiveCfg = Debug|Any CPU
		{3D31DC75-B778-4C8C-9BC4-28A7B659AF76}.Debug|Any CPU.Build.0 = Debug|Any CPU
		{3D31DC75-B778-4C8C-9BC4-28A7B659AF76}.Release|Any CPU.ActiveCfg = Release|Any CPU
		{3D31DC75-B778-4C8C-9BC4-28A7B659AF76}.Release|Any CPU.Build.0 = Release|Any CPU
	EndGlobalSection
	GlobalSection(SolutionProperties) = preSolution
		HideSolutionNode = FALSE
	EndGlobalSection
	GlobalSection(ExtensibilityGlobals) = postSolution
		SolutionGuid = {BF0CBC0C-ACC7-44FA-8FC4-ED3E261077D0}
	EndGlobalSection
EndGlobal
